
Microsoft Visual Studio Solution File, Format Version 12.00
# Visual Studio Version 17
VisualStudioVersion = 17.14.36221.1 d17.14
MinimumVisualStudioVersion = 10.0.40219.1
Project("{FAE04EC0-301F-11D3-BF4B-00C04F79EFBC}") = "retake", "retake.csproj", "{8AE7811A-76C4-42E8-9C69-63F283EC4EAE}"
EndProject
Global
	GlobalSection(SolutionConfigurationPlatforms) = preSolution
		Debug|Any CPU = Debug|Any CPU
		Release|Any CPU = Release|Any CPU
	EndGlobalSection
	GlobalSection(ProjectConfigurationPlatforms) = postSolution
		{8AE7811A-76C4-42E8-9C69-63F283EC4EAE}.Debug|Any CPU.ActiveCfg = Debug|Any CPU
		{8AE7811A-76C4-42E8-9C69-63F283EC4EAE}.Debug|Any CPU.Build.0 = Debug|Any CPU
		{8AE7811A-76C4-42E8-9C69-63F283EC4EAE}.Release|Any CPU.ActiveCfg = Release|Any CPU
		{8AE7811A-76C4-42E8-9C69-63F283EC4EAE}.Release|Any CPU.Build.0 = Release|Any CPU
	EndGlobalSection
	GlobalSection(SolutionProperties) = preSolution
		HideSolutionNode = FALSE
	EndGlobalSection
	GlobalSection(ExtensibilityGlobals) = postSolution
		SolutionGuid = {FD4F7570-95CE-4170-AC0C-83939C08771C}
	EndGlobalSection
EndGlobal
